
Microsoft Visual Studio Solution File, Format Version 12.00
# Visual Studio Version 16
VisualStudioVersion = 16.0.30517.126
MinimumVisualStudioVersion = 10.0.40219.1
Project("{2150E333-8FDC-42A3-9474-1A3956D46DE8}") = "Solution Items", "Solution Items", "{4A55ABAC-8A48-4C40-ACD4-1C66A5D06CC9}"
	ProjectSection(SolutionItems) = preProject
		Readme.md = Readme.md
	EndProjectSection
EndProject
Project("{9A19103F-16F7-4668-BE54-9A1E7A4F7556}") = "Exercise_1", "Exercise_1\Exercise_1.csproj", "{25D1B627-B853-4F94-87C8-DD26EE952414}"
EndProject
Project("{FAE04EC0-301F-11D3-BF4B-00C04F79EFBC}") = "TemperatureTable", "TemperatureTable\TemperatureTable.csproj", "{BE4E1C2C-D72C-45D6-BF4C-0C97CD7C2584}"
EndProject
Project("{FAE04EC0-301F-11D3-BF4B-00C04F79EFBC}") = "InterestCalculator", "interestCalculator\InterestCalculator.csproj", "{C47AD9E0-D45A-4FFB-B778-2A1D3461A679}"
EndProject
Global
	GlobalSection(SolutionConfigurationPlatforms) = preSolution
		Debug|Any CPU = Debug|Any CPU
		Release|Any CPU = Release|Any CPU
	EndGlobalSection
	GlobalSection(ProjectConfigurationPlatforms) = postSolution
		{25D1B627-B853-4F94-87C8-DD26EE952414}.Debug|Any CPU.ActiveCfg = Debug|Any CPU
		{25D1B627-B853-4F94-87C8-DD26EE952414}.Debug|Any CPU.Build.0 = Debug|Any CPU
		{25D1B627-B853-4F94-87C8-DD26EE952414}.Release|Any CPU.ActiveCfg = Release|Any CPU
		{25D1B627-B853-4F94-87C8-DD26EE952414}.Release|Any CPU.Build.0 = Release|Any CPU
		{BE4E1C2C-D72C-45D6-BF4C-0C97CD7C2584}.Debug|Any CPU.ActiveCfg = Debug|Any CPU
		{BE4E1C2C-D72C-45D6-BF4C-0C97CD7C2584}.Debug|Any CPU.Build.0 = Debug|Any CPU
		{BE4E1C2C-D72C-45D6-BF4C-0C97CD7C2584}.Release|Any CPU.ActiveCfg = Release|Any CPU
		{BE4E1C2C-D72C-45D6-BF4C-0C97CD7C2584}.Release|Any CPU.Build.0 = Release|Any CPU
		{C47AD9E0-D45A-4FFB-B778-2A1D3461A679}.Debug|Any CPU.ActiveCfg = Debug|Any CPU
		{C47AD9E0-D45A-4FFB-B778-2A1D3461A679}.Debug|Any CPU.Build.0 = Debug|Any CPU
		{C47AD9E0-D45A-4FFB-B778-2A1D3461A679}.Release|Any CPU.ActiveCfg = Release|Any CPU
		{C47AD9E0-D45A-4FFB-B778-2A1D3461A679}.Release|Any CPU.Build.0 = Release|Any CPU
	EndGlobalSection
	GlobalSection(SolutionProperties) = preSolution
		HideSolutionNode = FALSE
	EndGlobalSection
	GlobalSection(ExtensibilityGlobals) = postSolution
		SolutionGuid = {E16AF2D6-B5F0-43CF-95B6-7064EA6E5840}
	EndGlobalSection
EndGlobal
